
Microsoft Visual Studio Solution File, Format Version 12.00
# Visual Studio Version 16
VisualStudioVersion = 16.0.29613.14
MinimumVisualStudioVersion = 10.0.40219.1
Project("{9A19103F-16F7-4668-BE54-9A1E7A4F7556}") = "lab_01_hello_world", "lab_01_hello_world\lab_01_hello_world.csproj", "{F3C54DD4-02A2-40E9-8178-AB9757F9CC6C}"
EndProject
Project("{FAE04EC0-301F-11D3-BF4B-00C04F79EFBC}") = "lab_02_ildasm", "lab_02_ildasm\lab_02_ildasm.csproj", "{41574CF9-DF21-48C1-8C39-7888BBE892E6}"
EndProject
Project("{9A19103F-16F7-4668-BE54-9A1E7A4F7556}") = "lab_03_use_library", "lab_03_library\lab_03_use_library.csproj", "{FA03F47B-21D0-47EF-AF63-D2B2D2752D6C}"
EndProject
Project("{9A19103F-16F7-4668-BE54-9A1E7A4F7556}") = "lab_03_library_files", "lab_03_library_files\lab_03_library_files.csproj", "{09F1D4BC-AC24-41F6-9A0E-A2AEF434EAA5}"
EndProject
Project("{9A19103F-16F7-4668-BE54-9A1E7A4F7556}") = "lab_04_debugging", "lab_04_debugging\lab_04_debugging.csproj", "{4B33A47C-6C46-4FF8-8F6F-569DEABE19E1}"
EndProject
Project("{FAE04EC0-301F-11D3-BF4B-00C04F79EFBC}") = "lab_05_log_to_event_viewer", "lab_05_log_to_event_viewer\lab_05_log_to_event_viewer.csproj", "{7C3C7FE3-2D30-4177-9A4C-4FECC65FAFF7}"
EndProject
Project("{9A19103F-16F7-4668-BE54-9A1E7A4F7556}") = "lab_06_conditional_compiling", "lab_06_conditional_compiling\lab_06_conditional_compiling.csproj", "{C066F3D6-BF0F-47F2-B1C8-A0648323FBED}"
EndProject
Project("{9A19103F-16F7-4668-BE54-9A1E7A4F7556}") = "lab_07_argument_args_array", "lab_07_argument_args_array\lab_07_argument_args_array.csproj", "{9160A848-8915-4EC8-A2F0-3BCE52607016}"
EndProject
Project("{9A19103F-16F7-4668-BE54-9A1E7A4F7556}") = "lab_08_literal_objects", "lab_08_literal_objects\lab_08_literal_objects.csproj", "{32F5F60F-85A2-4561-A19B-A17668D8BACA}"
EndProject
Project("{9A19103F-16F7-4668-BE54-9A1E7A4F7556}") = "lab_09_OOP_intro", "lab_09_OOP_intro\lab_09_OOP_intro.csproj", "{4DCF3C38-D0FB-4A1A-A7BD-2C64E19F7B29}"
EndProject
Project("{9A19103F-16F7-4668-BE54-9A1E7A4F7556}") = "lab_10_methods", "lab_10_methods\lab_10_methods.csproj", "{1C8C8748-E91A-4136-89BF-530E520EDAE2}"
EndProject
Project("{9A19103F-16F7-4668-BE54-9A1E7A4F7556}") = "lab_11_methods", "lab_11_methods\lab_11_methods.csproj", "{D6CE1B3B-5EB1-44F0-BF22-B093BC2A2E27}"
EndProject
Project("{9A19103F-16F7-4668-BE54-9A1E7A4F7556}") = "lab_12_properties", "lab_12_properties\lab_12_properties.csproj", "{049AB265-13B9-4020-A334-B0E26060D04F}"
EndProject
Project("{FAE04EC0-301F-11D3-BF4B-00C04F79EFBC}") = "lab_13_polymorphism", "lab_13_polymorphism\lab_13_polymorphism.csproj", "{D6DBD00E-0A70-45D2-84FC-A8A5247165C6}"
EndProject
Project("{FAE04EC0-301F-11D3-BF4B-00C04F79EFBC}") = "lab_14_abstract_class", "lab_14_abstract_class\lab_14_abstract_class.csproj", "{AB245495-73CC-4C11-9C4E-7950B77EAD00}"
EndProject
Project("{FAE04EC0-301F-11D3-BF4B-00C04F79EFBC}") = "lab_15_namespace", "lab_15_namespace\lab_15_namespace.csproj", "{B9112B1A-31E3-42A2-8DF6-8B88C2666FBA}"
EndProject
Project("{FAE04EC0-301F-11D3-BF4B-00C04F79EFBC}") = "lab_16_access_modifiers", "lab_16_access_modifiers\lab_16_access_modifiers.csproj", "{036588C1-4FF3-4A79-BB3D-2ACD7313AAEC}"
EndProject
Project("{9A19103F-16F7-4668-BE54-9A1E7A4F7556}") = "lab_17_value_reference_type", "lab_17_value_reference_type\lab_17_value_reference_type.csproj", "{418F0058-63A6-4508-BEED-FB56ADE5D5AE}"
EndProject
Project("{9A19103F-16F7-4668-BE54-9A1E7A4F7556}") = "lab_18_loops", "lab_18_loops\lab_18_loops.csproj", "{2B9DC0A7-2636-41F5-9524-F9BC2ED27503}"
EndProject
Project("{9A19103F-16F7-4668-BE54-9A1E7A4F7556}") = "lab_20_collections", "lab_20_collections\lab_20_collections.csproj", "{CAD68662-B667-4191-8E55-8CD86CD976B4}"
EndProject
Project("{9A19103F-16F7-4668-BE54-9A1E7A4F7556}") = "lab_19_list_queue_stack", "lab_19_list_queue_stack\lab_19_list_queue_stack.csproj", "{CAF6D3B6-6188-4086-BD33-2DCDF7F47AE5}"
EndProject
Project("{9A19103F-16F7-4668-BE54-9A1E7A4F7556}") = "lab_21_exceptions", "lab_21_exceptions\lab_21_exceptions.csproj", "{4300A6E4-748F-4F12-AE75-18EA7FA09575}"
EndProject
Project("{9A19103F-16F7-4668-BE54-9A1E7A4F7556}") = "lab_22_throw_exception", "lab_22_throw_exception\lab_22_throw_exception.csproj", "{643C6861-C936-44C7-A06E-0621B5B6E418}"
EndProject
Project("{9A19103F-16F7-4668-BE54-9A1E7A4F7556}") = "lab_23_rabbits", "lab_23_rabbits\lab_23_rabbits.csproj", "{D02C71B2-1F81-43C7-AD6F-31A2D37DD8CA}"
EndProject
Project("{9A19103F-16F7-4668-BE54-9A1E7A4F7556}") = "lab_24_breed_rabbits", "lab_24_breed_rabbits\lab_24_breed_rabbits.csproj", "{BC902759-D030-41A4-8DE2-E3614B227775}"
EndProject
Project("{9A19103F-16F7-4668-BE54-9A1E7A4F7556}") = "lab_25_variables", "lab_25_variables\lab_25_variables.csproj", "{CF1A4283-D0ED-42D8-AC73-7860D9996BA9}"
EndProject
Project("{FAE04EC0-301F-11D3-BF4B-00C04F79EFBC}") = "lab_26_rabbit_generator", "lab_26_rabbit_generator\lab_26_rabbit_generator.csproj", "{E4B1A87D-70B9-47EF-AC1E-BD7B2888E6EC}"
EndProject
Project("{FAE04EC0-301F-11D3-BF4B-00C04F79EFBC}") = "lab_27_database_test", "lab_27_database_test\lab_27_database_test.csproj", "{E9E7D917-086A-4CFF-A975-6415CB69604D}"
EndProject
Project("{FAE04EC0-301F-11D3-BF4B-00C04F79EFBC}") = "lab_28_rabbit_database", "lab_28_rabbit_database\lab_28_rabbit_database.csproj", "{4A43F5A6-F0C2-4B78-92EB-41D598DD8660}"
EndProject
Project("{9A19103F-16F7-4668-BE54-9A1E7A4F7556}") = "lab_29_nuit_tests", "lab_29_nuit_tests\lab_29_nuit_tests.csproj", "{C1D5685E-B1B0-4F31-97FB-532C69A26A8E}"
EndProject
Project("{9A19103F-16F7-4668-BE54-9A1E7A4F7556}") = "lab_30_test_addition", "lab_30_test_addition\lab_30_test_addition.csproj", "{F710D075-3379-4804-99DD-EFA530F9A1B8}"
EndProject
Project("{9A19103F-16F7-4668-BE54-9A1E7A4F7556}") = "lab_31_test_practice", "lab_31_test_practice\lab_31_test_practice.csproj", "{3F95976D-5934-4792-8C42-4D6F7B41C557}"
EndProject
Project("{9A19103F-16F7-4668-BE54-9A1E7A4F7556}") = "lab_32_variables_continued", "lab_32_variables_continued\lab_32_variables_continued.csproj", "{4F8C1693-4BC8-4BCE-A745-5F1D4AC9652E}"
EndProject
Project("{9A19103F-16F7-4668-BE54-9A1E7A4F7556}") = "lab_33_stopwatch_date_time", "lab_33_stopwatch_date_time\lab_33_stopwatch_date_time.csproj", "{FFB6E1E6-1D21-4C08-81E1-16B7F1764B55}"
EndProject
Project("{9A19103F-16F7-4668-BE54-9A1E7A4F7556}") = "lab_34_enum", "lab_34_enum\lab_34_enum.csproj", "{49C3DAB1-6F5E-48CE-834D-19AC4D9744BD}"
EndProject
Project("{9A19103F-16F7-4668-BE54-9A1E7A4F7556}") = "lab_35_variables_final", "lab_35_variables_final\lab_35_variables_final.csproj", "{7DD06BB7-F76C-4343-8656-C3A31CBBFCBD}"
EndProject
Project("{9A19103F-16F7-4668-BE54-9A1E7A4F7556}") = "lab_36_tuples", "lab_36_tuples\lab_36_tuples.csproj", "{FF61C3E6-DCD4-4F35-A4C5-097422E4ADDD}"
EndProject
Project("{9A19103F-16F7-4668-BE54-9A1E7A4F7556}") = "lab_37_rabbits", "lab_37_rabbits\lab_37_rabbits.csproj", "{5001E8ED-75D6-48A5-A460-D2FCA9E311BD}"
EndProject
Project("{FAE04EC0-301F-11D3-BF4B-00C04F79EFBC}") = "lab_38_rabbits_advanced", "lab_38_rabbits_advanced\lab_38_rabbits_advanced.csproj", "{39D55BE8-4304-40F8-858D-C6ACA6B7E844}"
EndProject
Project("{9A19103F-16F7-4668-BE54-9A1E7A4F7556}") = "lab_39_overloading", "lab_39_overloading\lab_39_overloading.csproj", "{17A50900-89A2-4231-BBA5-13D8CD8805D1}"
EndProject
Project("{FAE04EC0-301F-11D3-BF4B-00C04F79EFBC}") = "lab_40_wpf_database", "lab_40_wpf_database\lab_40_wpf_database.csproj", "{16DE5DD0-1E0F-41CB-9DF3-FA36CD25B635}"
EndProject
Project("{FAE04EC0-301F-11D3-BF4B-00C04F79EFBC}") = "lab_41_Northwind_Code_First", "lab_41_Northwind_Code_First\lab_41_Northwind_Code_First.csproj", "{E2890D45-9D65-4CB1-9FDF-F949BD446EE6}"
EndProject
Project("{9A19103F-16F7-4668-BE54-9A1E7A4F7556}") = "lab_42_northwind_core", "lab_42_northwind_core\lab_42_northwind_core.csproj", "{1F815633-EFAB-44E6-8FED-3E092BA57F22}"
EndProject
Project("{FAE04EC0-301F-11D3-BF4B-00C04F79EFBC}") = "lab_43_morning_lab_everything", "lab_43_morning_lab_everything\lab_43_morning_lab_everything.csproj", "{1491C434-574C-4156-989C-C3CDB00A2A04}"
EndProject
Project("{9A19103F-16F7-4668-BE54-9A1E7A4F7556}") = "lab_44_operators", "lab_44_operators\lab_44_operators.csproj", "{D601E80B-2923-48EB-BB0D-1833D2E58BAF}"
EndProject
Project("{9A19103F-16F7-4668-BE54-9A1E7A4F7556}") = "lab_45_interfaces", "lab_45_interfaces\lab_45_interfaces.csproj", "{C3E1C974-0B4B-4E17-BF2B-5792FC8C7D0E}"
EndProject
Project("{9A19103F-16F7-4668-BE54-9A1E7A4F7556}") = "lab_46_microsoft_office", "lab_46_microsoft_office\lab_46_microsoft_office.csproj", "{AD9E7FA3-F476-4AD7-BB20-570FA66F2759}"
EndProject
Project("{9A19103F-16F7-4668-BE54-9A1E7A4F7556}") = "lab_47_delegates", "lab_47_delegates\lab_47_delegates.csproj", "{4B157F2C-EA7E-46C0-A04D-0FD1CCEE84F5}"
EndProject
Project("{9A19103F-16F7-4668-BE54-9A1E7A4F7556}") = "lab_49_events", "lab_49_events\lab_49_events.csproj", "{ACE7554B-017D-4A20-82E4-6F14E923548C}"
EndProject
Project("{9A19103F-16F7-4668-BE54-9A1E7A4F7556}") = "lab_48_OOP_Events", "lab_48_OOP_Events\lab_48_OOP_Events.csproj", "{45B918FA-6A93-459F-BD21-E6BC8BDA21C5}"
EndProject
Project("{FAE04EC0-301F-11D3-BF4B-00C04F79EFBC}") = "lab_50_WPF_Entity_UC", "lab_50_WPF_Entity_UC\lab_50_WPF_Entity_UC.csproj", "{082A31C0-298D-482E-88E2-E9631F614366}"
EndProject
Project("{9A19103F-16F7-4668-BE54-9A1E7A4F7556}") = "lab_51_entity_core_sql_sqlite", "lab_51_entity_core_sql_sqlite\lab_51_entity_core_sql_sqlite.csproj", "{41D4C378-4100-4060-90F3-ACF73C6C9C5E}"
EndProject
Project("{9A19103F-16F7-4668-BE54-9A1E7A4F7556}") = "lab_52_asp_demo", "lab_52_asp_demo\lab_52_asp_demo.csproj", "{BCE2E0F4-CB8A-4A4A-9AA1-6423F7FFD563}"
EndProject
Project("{F184B08F-C81C-45F6-A57F-5ABD9991F28F}") = "lab_53_mvc_framework_demo", "lab_53_mvc_framework_demo\lab_53_mvc_framework_demo.vbproj", "{E2CE9A1A-07A7-446F-95AD-35D5FC76B429}"
EndProject
Project("{9A19103F-16F7-4668-BE54-9A1E7A4F7556}") = "lab_54_async_await", "lab_54_async_await\lab_54_async_await.csproj", "{3108156C-FE42-42AC-9A97-47666EB42C87}"
EndProject
Project("{9A19103F-16F7-4668-BE54-9A1E7A4F7556}") = "lab_55_tasks", "lab_55_tasks\lab_55_tasks.csproj", "{EC78A776-3E1D-4F23-986A-BB6AF46A76CE}"
EndProject
Project("{9A19103F-16F7-4668-BE54-9A1E7A4F7556}") = "lab_56_http_calling_data_from_internet", "lab_56_http_calling_data_from_internet\lab_56_http_calling_data_from_internet.csproj", "{D8637616-345D-4D9F-BB6E-84C120C47FBC}"
EndProject
Project("{9A19103F-16F7-4668-BE54-9A1E7A4F7556}") = "lab_57_pass_by_reference", "lab_57_pass_by_reference\lab_57_pass_by_reference.csproj", "{B8C3C16C-FD8B-4EDD-B100-1397F65808E7}"
EndProject
Project("{FAE04EC0-301F-11D3-BF4B-00C04F79EFBC}") = "lab_58_api_northwind_demo", "lab_58_api_northwind_demo\lab_58_api_northwind_demo.csproj", "{18BD3452-DAD1-4854-BA30-47D58450C4A7}"
EndProject
Project("{FAE04EC0-301F-11D3-BF4B-00C04F79EFBC}") = "lab_59_API_Northwind_Core", "lab_59_API_Northwind_Core\lab_59_API_Northwind_Core.csproj", "{94946D50-CC98-4921-83A2-0F7E30B61A6F}"
EndProject
Global
	GlobalSection(SolutionConfigurationPlatforms) = preSolution
		Debug|Any CPU = Debug|Any CPU
		Release|Any CPU = Release|Any CPU
	EndGlobalSection
	GlobalSection(ProjectConfigurationPlatforms) = postSolution
		{F3C54DD4-02A2-40E9-8178-AB9757F9CC6C}.Debug|Any CPU.ActiveCfg = Debug|Any CPU
		{F3C54DD4-02A2-40E9-8178-AB9757F9CC6C}.Debug|Any CPU.Build.0 = Debug|Any CPU
		{F3C54DD4-02A2-40E9-8178-AB9757F9CC6C}.Release|Any CPU.ActiveCfg = Release|Any CPU
		{F3C54DD4-02A2-40E9-8178-AB9757F9CC6C}.Release|Any CPU.Build.0 = Release|Any CPU
		{41574CF9-DF21-48C1-8C39-7888BBE892E6}.Debug|Any CPU.ActiveCfg = Debug|Any CPU
		{41574CF9-DF21-48C1-8C39-7888BBE892E6}.Debug|Any CPU.Build.0 = Debug|Any CPU
		{41574CF9-DF21-48C1-8C39-7888BBE892E6}.Release|Any CPU.ActiveCfg = Release|Any CPU
		{41574CF9-DF21-48C1-8C39-7888BBE892E6}.Release|Any CPU.Build.0 = Release|Any CPU
		{FA03F47B-21D0-47EF-AF63-D2B2D2752D6C}.Debug|Any CPU.ActiveCfg = Debug|Any CPU
		{FA03F47B-21D0-47EF-AF63-D2B2D2752D6C}.Debug|Any CPU.Build.0 = Debug|Any CPU
		{FA03F47B-21D0-47EF-AF63-D2B2D2752D6C}.Release|Any CPU.ActiveCfg = Release|Any CPU
		{FA03F47B-21D0-47EF-AF63-D2B2D2752D6C}.Release|Any CPU.Build.0 = Release|Any CPU
		{09F1D4BC-AC24-41F6-9A0E-A2AEF434EAA5}.Debug|Any CPU.ActiveCfg = Debug|Any CPU
		{09F1D4BC-AC24-41F6-9A0E-A2AEF434EAA5}.Debug|Any CPU.Build.0 = Debug|Any CPU
		{09F1D4BC-AC24-41F6-9A0E-A2AEF434EAA5}.Release|Any CPU.ActiveCfg = Release|Any CPU
		{09F1D4BC-AC24-41F6-9A0E-A2AEF434EAA5}.Release|Any CPU.Build.0 = Release|Any CPU
		{4B33A47C-6C46-4FF8-8F6F-569DEABE19E1}.Debug|Any CPU.ActiveCfg = Debug|Any CPU
		{4B33A47C-6C46-4FF8-8F6F-569DEABE19E1}.Debug|Any CPU.Build.0 = Debug|Any CPU
		{4B33A47C-6C46-4FF8-8F6F-569DEABE19E1}.Release|Any CPU.ActiveCfg = Release|Any CPU
		{4B33A47C-6C46-4FF8-8F6F-569DEABE19E1}.Release|Any CPU.Build.0 = Release|Any CPU
		{7C3C7FE3-2D30-4177-9A4C-4FECC65FAFF7}.Debug|Any CPU.ActiveCfg = Debug|Any CPU
		{7C3C7FE3-2D30-4177-9A4C-4FECC65FAFF7}.Debug|Any CPU.Build.0 = Debug|Any CPU
		{7C3C7FE3-2D30-4177-9A4C-4FECC65FAFF7}.Release|Any CPU.ActiveCfg = Release|Any CPU
		{7C3C7FE3-2D30-4177-9A4C-4FECC65FAFF7}.Release|Any CPU.Build.0 = Release|Any CPU
		{C066F3D6-BF0F-47F2-B1C8-A0648323FBED}.Debug|Any CPU.ActiveCfg = Debug|Any CPU
		{C066F3D6-BF0F-47F2-B1C8-A0648323FBED}.Debug|Any CPU.Build.0 = Debug|Any CPU
		{C066F3D6-BF0F-47F2-B1C8-A0648323FBED}.Release|Any CPU.ActiveCfg = Release|Any CPU
		{C066F3D6-BF0F-47F2-B1C8-A0648323FBED}.Release|Any CPU.Build.0 = Release|Any CPU
		{9160A848-8915-4EC8-A2F0-3BCE52607016}.Debug|Any CPU.ActiveCfg = Debug|Any CPU
		{9160A848-8915-4EC8-A2F0-3BCE52607016}.Debug|Any CPU.Build.0 = Debug|Any CPU
		{9160A848-8915-4EC8-A2F0-3BCE52607016}.Release|Any CPU.ActiveCfg = Release|Any CPU
		{9160A848-8915-4EC8-A2F0-3BCE52607016}.Release|Any CPU.Build.0 = Release|Any CPU
		{32F5F60F-85A2-4561-A19B-A17668D8BACA}.Debug|Any CPU.ActiveCfg = Debug|Any CPU
		{32F5F60F-85A2-4561-A19B-A17668D8BACA}.Debug|Any CPU.Build.0 = Debug|Any CPU
		{32F5F60F-85A2-4561-A19B-A17668D8BACA}.Release|Any CPU.ActiveCfg = Release|Any CPU
		{32F5F60F-85A2-4561-A19B-A17668D8BACA}.Release|Any CPU.Build.0 = Release|Any CPU
		{4DCF3C38-D0FB-4A1A-A7BD-2C64E19F7B29}.Debug|Any CPU.ActiveCfg = Debug|Any CPU
		{4DCF3C38-D0FB-4A1A-A7BD-2C64E19F7B29}.Debug|Any CPU.Build.0 = Debug|Any CPU
		{4DCF3C38-D0FB-4A1A-A7BD-2C64E19F7B29}.Release|Any CPU.ActiveCfg = Release|Any CPU
		{4DCF3C38-D0FB-4A1A-A7BD-2C64E19F7B29}.Release|Any CPU.Build.0 = Release|Any CPU
		{1C8C8748-E91A-4136-89BF-530E520EDAE2}.Debug|Any CPU.ActiveCfg = Debug|Any CPU
		{1C8C8748-E91A-4136-89BF-530E520EDAE2}.Debug|Any CPU.Build.0 = Debug|Any CPU
		{1C8C8748-E91A-4136-89BF-530E520EDAE2}.Release|Any CPU.ActiveCfg = Release|Any CPU
		{1C8C8748-E91A-4136-89BF-530E520EDAE2}.Release|Any CPU.Build.0 = Release|Any CPU
		{D6CE1B3B-5EB1-44F0-BF22-B093BC2A2E27}.Debug|Any CPU.ActiveCfg = Debug|Any CPU
		{D6CE1B3B-5EB1-44F0-BF22-B093BC2A2E27}.Debug|Any CPU.Build.0 = Debug|Any CPU
		{D6CE1B3B-5EB1-44F0-BF22-B093BC2A2E27}.Release|Any CPU.ActiveCfg = Release|Any CPU
		{D6CE1B3B-5EB1-44F0-BF22-B093BC2A2E27}.Release|Any CPU.Build.0 = Release|Any CPU
		{049AB265-13B9-4020-A334-B0E26060D04F}.Debug|Any CPU.ActiveCfg = Debug|Any CPU
		{049AB265-13B9-4020-A334-B0E26060D04F}.Debug|Any CPU.Build.0 = Debug|Any CPU
		{049AB265-13B9-4020-A334-B0E26060D04F}.Release|Any CPU.ActiveCfg = Release|Any CPU
		{049AB265-13B9-4020-A334-B0E26060D04F}.Release|Any CPU.Build.0 = Release|Any CPU
		{D6DBD00E-0A70-45D2-84FC-A8A5247165C6}.Debug|Any CPU.ActiveCfg = Debug|Any CPU
		{D6DBD00E-0A70-45D2-84FC-A8A5247165C6}.Debug|Any CPU.Build.0 = Debug|Any CPU
		{D6DBD00E-0A70-45D2-84FC-A8A5247165C6}.Release|Any CPU.ActiveCfg = Release|Any CPU
		{D6DBD00E-0A70-45D2-84FC-A8A5247165C6}.Release|Any CPU.Build.0 = Release|Any CPU
		{AB245495-73CC-4C11-9C4E-7950B77EAD00}.Debug|Any CPU.ActiveCfg = Debug|Any CPU
		{AB245495-73CC-4C11-9C4E-7950B77EAD00}.Debug|Any CPU.Build.0 = Debug|Any CPU
		{AB245495-73CC-4C11-9C4E-7950B77EAD00}.Release|Any CPU.ActiveCfg = Release|Any CPU
		{AB245495-73CC-4C11-9C4E-7950B77EAD00}.Release|Any CPU.Build.0 = Release|Any CPU
		{B9112B1A-31E3-42A2-8DF6-8B88C2666FBA}.Debug|Any CPU.ActiveCfg = Debug|Any CPU
		{B9112B1A-31E3-42A2-8DF6-8B88C2666FBA}.Debug|Any CPU.Build.0 = Debug|Any CPU
		{B9112B1A-31E3-42A2-8DF6-8B88C2666FBA}.Release|Any CPU.ActiveCfg = Release|Any CPU
		{B9112B1A-31E3-42A2-8DF6-8B88C2666FBA}.Release|Any CPU.Build.0 = Release|Any CPU
		{036588C1-4FF3-4A79-BB3D-2ACD7313AAEC}.Debug|Any CPU.ActiveCfg = Debug|Any CPU
		{036588C1-4FF3-4A79-BB3D-2ACD7313AAEC}.Debug|Any CPU.Build.0 = Debug|Any CPU
		{036588C1-4FF3-4A79-BB3D-2ACD7313AAEC}.Release|Any CPU.ActiveCfg = Release|Any CPU
		{036588C1-4FF3-4A79-BB3D-2ACD7313AAEC}.Release|Any CPU.Build.0 = Release|Any CPU
		{418F0058-63A6-4508-BEED-FB56ADE5D5AE}.Debug|Any CPU.ActiveCfg = Debug|Any CPU
		{418F0058-63A6-4508-BEED-FB56ADE5D5AE}.Debug|Any CPU.Build.0 = Debug|Any CPU
		{418F0058-63A6-4508-BEED-FB56ADE5D5AE}.Release|Any CPU.ActiveCfg = Release|Any CPU
		{418F0058-63A6-4508-BEED-FB56ADE5D5AE}.Release|Any CPU.Build.0 = Release|Any CPU
		{2B9DC0A7-2636-41F5-9524-F9BC2ED27503}.Debug|Any CPU.ActiveCfg = Debug|Any CPU
		{2B9DC0A7-2636-41F5-9524-F9BC2ED27503}.Debug|Any CPU.Build.0 = Debug|Any CPU
		{2B9DC0A7-2636-41F5-9524-F9BC2ED27503}.Release|Any CPU.ActiveCfg = Release|Any CPU
		{2B9DC0A7-2636-41F5-9524-F9BC2ED27503}.Release|Any CPU.Build.0 = Release|Any CPU
		{CAD68662-B667-4191-8E55-8CD86CD976B4}.Debug|Any CPU.ActiveCfg = Debug|Any CPU
		{CAD68662-B667-4191-8E55-8CD86CD976B4}.Debug|Any CPU.Build.0 = Debug|Any CPU
		{CAD68662-B667-4191-8E55-8CD86CD976B4}.Release|Any CPU.ActiveCfg = Release|Any CPU
		{CAD68662-B667-4191-8E55-8CD86CD976B4}.Release|Any CPU.Build.0 = Release|Any CPU
		{CAF6D3B6-6188-4086-BD33-2DCDF7F47AE5}.Debug|Any CPU.ActiveCfg = Debug|Any CPU
		{CAF6D3B6-6188-4086-BD33-2DCDF7F47AE5}.Debug|Any CPU.Build.0 = Debug|Any CPU
		{CAF6D3B6-6188-4086-BD33-2DCDF7F47AE5}.Release|Any CPU.ActiveCfg = Release|Any CPU
		{CAF6D3B6-6188-4086-BD33-2DCDF7F47AE5}.Release|Any CPU.Build.0 = Release|Any CPU
		{4300A6E4-748F-4F12-AE75-18EA7FA09575}.Debug|Any CPU.ActiveCfg = Debug|Any CPU
		{4300A6E4-748F-4F12-AE75-18EA7FA09575}.Debug|Any CPU.Build.0 = Debug|Any CPU
		{4300A6E4-748F-4F12-AE75-18EA7FA09575}.Release|Any CPU.ActiveCfg = Release|Any CPU
		{4300A6E4-748F-4F12-AE75-18EA7FA09575}.Release|Any CPU.Build.0 = Release|Any CPU
		{643C6861-C936-44C7-A06E-0621B5B6E418}.Debug|Any CPU.ActiveCfg = Debug|Any CPU
		{643C6861-C936-44C7-A06E-0621B5B6E418}.Debug|Any CPU.Build.0 = Debug|Any CPU
		{643C6861-C936-44C7-A06E-0621B5B6E418}.Release|Any CPU.ActiveCfg = Release|Any CPU
		{643C6861-C936-44C7-A06E-0621B5B6E418}.Release|Any CPU.Build.0 = Release|Any CPU
		{D02C71B2-1F81-43C7-AD6F-31A2D37DD8CA}.Debug|Any CPU.ActiveCfg = Debug|Any CPU
		{D02C71B2-1F81-43C7-AD6F-31A2D37DD8CA}.Debug|Any CPU.Build.0 = Debug|Any CPU
		{D02C71B2-1F81-43C7-AD6F-31A2D37DD8CA}.Release|Any CPU.ActiveCfg = Release|Any CPU
		{D02C71B2-1F81-43C7-AD6F-31A2D37DD8CA}.Release|Any CPU.Build.0 = Release|Any CPU
		{BC902759-D030-41A4-8DE2-E3614B227775}.Debug|Any CPU.ActiveCfg = Debug|Any CPU
		{BC902759-D030-41A4-8DE2-E3614B227775}.Debug|Any CPU.Build.0 = Debug|Any CPU
		{BC902759-D030-41A4-8DE2-E3614B227775}.Release|Any CPU.ActiveCfg = Release|Any CPU
		{BC902759-D030-41A4-8DE2-E3614B227775}.Release|Any CPU.Build.0 = Release|Any CPU
		{CF1A4283-D0ED-42D8-AC73-7860D9996BA9}.Debug|Any CPU.ActiveCfg = Debug|Any CPU
		{CF1A4283-D0ED-42D8-AC73-7860D9996BA9}.Debug|Any CPU.Build.0 = Debug|Any CPU
		{CF1A4283-D0ED-42D8-AC73-7860D9996BA9}.Release|Any CPU.ActiveCfg = Release|Any CPU
		{CF1A4283-D0ED-42D8-AC73-7860D9996BA9}.Release|Any CPU.Build.0 = Release|Any CPU
		{E4B1A87D-70B9-47EF-AC1E-BD7B2888E6EC}.Debug|Any CPU.ActiveCfg = Debug|Any CPU
		{E4B1A87D-70B9-47EF-AC1E-BD7B2888E6EC}.Debug|Any CPU.Build.0 = Debug|Any CPU
		{E4B1A87D-70B9-47EF-AC1E-BD7B2888E6EC}.Release|Any CPU.ActiveCfg = Release|Any CPU
		{E4B1A87D-70B9-47EF-AC1E-BD7B2888E6EC}.Release|Any CPU.Build.0 = Release|Any CPU
		{E9E7D917-086A-4CFF-A975-6415CB69604D}.Debug|Any CPU.ActiveCfg = Debug|Any CPU
		{E9E7D917-086A-4CFF-A975-6415CB69604D}.Debug|Any CPU.Build.0 = Debug|Any CPU
		{E9E7D917-086A-4CFF-A975-6415CB69604D}.Release|Any CPU.ActiveCfg = Release|Any CPU
		{E9E7D917-086A-4CFF-A975-6415CB69604D}.Release|Any CPU.Build.0 = Release|Any CPU
		{4A43F5A6-F0C2-4B78-92EB-41D598DD8660}.Debug|Any CPU.ActiveCfg = Debug|Any CPU
		{4A43F5A6-F0C2-4B78-92EB-41D598DD8660}.Debug|Any CPU.Build.0 = Debug|Any CPU
		{4A43F5A6-F0C2-4B78-92EB-41D598DD8660}.Release|Any CPU.ActiveCfg = Release|Any CPU
		{4A43F5A6-F0C2-4B78-92EB-41D598DD8660}.Release|Any CPU.Build.0 = Release|Any CPU
		{C1D5685E-B1B0-4F31-97FB-532C69A26A8E}.Debug|Any CPU.ActiveCfg = Debug|Any CPU
		{C1D5685E-B1B0-4F31-97FB-532C69A26A8E}.Debug|Any CPU.Build.0 = Debug|Any CPU
		{C1D5685E-B1B0-4F31-97FB-532C69A26A8E}.Release|Any CPU.ActiveCfg = Release|Any CPU
		{C1D5685E-B1B0-4F31-97FB-532C69A26A8E}.Release|Any CPU.Build.0 = Release|Any CPU
		{F710D075-3379-4804-99DD-EFA530F9A1B8}.Debug|Any CPU.ActiveCfg = Debug|Any CPU
		{F710D075-3379-4804-99DD-EFA530F9A1B8}.Debug|Any CPU.Build.0 = Debug|Any CPU
		{F710D075-3379-4804-99DD-EFA530F9A1B8}.Release|Any CPU.ActiveCfg = Release|Any CPU
		{F710D075-3379-4804-99DD-EFA530F9A1B8}.Release|Any CPU.Build.0 = Release|Any CPU
		{3F95976D-5934-4792-8C42-4D6F7B41C557}.Debug|Any CPU.ActiveCfg = Debug|Any CPU
		{3F95976D-5934-4792-8C42-4D6F7B41C557}.Debug|Any CPU.Build.0 = Debug|Any CPU
		{3F95976D-5934-4792-8C42-4D6F7B41C557}.Release|Any CPU.ActiveCfg = Release|Any CPU
		{3F95976D-5934-4792-8C42-4D6F7B41C557}.Release|Any CPU.Build.0 = Release|Any CPU
		{4F8C1693-4BC8-4BCE-A745-5F1D4AC9652E}.Debug|Any CPU.ActiveCfg = Debug|Any CPU
		{4F8C1693-4BC8-4BCE-A745-5F1D4AC9652E}.Debug|Any CPU.Build.0 = Debug|Any CPU
		{4F8C1693-4BC8-4BCE-A745-5F1D4AC9652E}.Release|Any CPU.ActiveCfg = Release|Any CPU
		{4F8C1693-4BC8-4BCE-A745-5F1D4AC9652E}.Release|Any CPU.Build.0 = Release|Any CPU
		{FFB6E1E6-1D21-4C08-81E1-16B7F1764B55}.Debug|Any CPU.ActiveCfg = Debug|Any CPU
		{FFB6E1E6-1D21-4C08-81E1-16B7F1764B55}.Debug|Any CPU.Build.0 = Debug|Any CPU
		{FFB6E1E6-1D21-4C08-81E1-16B7F1764B55}.Release|Any CPU.ActiveCfg = Release|Any CPU
		{FFB6E1E6-1D21-4C08-81E1-16B7F1764B55}.Release|Any CPU.Build.0 = Release|Any CPU
		{49C3DAB1-6F5E-48CE-834D-19AC4D9744BD}.Debug|Any CPU.ActiveCfg = Debug|Any CPU
		{49C3DAB1-6F5E-48CE-834D-19AC4D9744BD}.Debug|Any CPU.Build.0 = Debug|Any CPU
		{49C3DAB1-6F5E-48CE-834D-19AC4D9744BD}.Release|Any CPU.ActiveCfg = Release|Any CPU
		{49C3DAB1-6F5E-48CE-834D-19AC4D9744BD}.Release|Any CPU.Build.0 = Release|Any CPU
		{7DD06BB7-F76C-4343-8656-C3A31CBBFCBD}.Debug|Any CPU.ActiveCfg = Debug|Any CPU
		{7DD06BB7-F76C-4343-8656-C3A31CBBFCBD}.Debug|Any CPU.Build.0 = Debug|Any CPU
		{7DD06BB7-F76C-4343-8656-C3A31CBBFCBD}.Release|Any CPU.ActiveCfg = Release|Any CPU
		{7DD06BB7-F76C-4343-8656-C3A31CBBFCBD}.Release|Any CPU.Build.0 = Release|Any CPU
		{FF61C3E6-DCD4-4F35-A4C5-097422E4ADDD}.Debug|Any CPU.ActiveCfg = Debug|Any CPU
		{FF61C3E6-DCD4-4F35-A4C5-097422E4ADDD}.Debug|Any CPU.Build.0 = Debug|Any CPU
		{FF61C3E6-DCD4-4F35-A4C5-097422E4ADDD}.Release|Any CPU.ActiveCfg = Release|Any CPU
		{FF61C3E6-DCD4-4F35-A4C5-097422E4ADDD}.Release|Any CPU.Build.0 = Release|Any CPU
		{5001E8ED-75D6-48A5-A460-D2FCA9E311BD}.Debug|Any CPU.ActiveCfg = Debug|Any CPU
		{5001E8ED-75D6-48A5-A460-D2FCA9E311BD}.Debug|Any CPU.Build.0 = Debug|Any CPU
		{5001E8ED-75D6-48A5-A460-D2FCA9E311BD}.Release|Any CPU.ActiveCfg = Release|Any CPU
		{5001E8ED-75D6-48A5-A460-D2FCA9E311BD}.Release|Any CPU.Build.0 = Release|Any CPU
		{39D55BE8-4304-40F8-858D-C6ACA6B7E844}.Debug|Any CPU.ActiveCfg = Debug|Any CPU
		{39D55BE8-4304-40F8-858D-C6ACA6B7E844}.Debug|Any CPU.Build.0 = Debug|Any CPU
		{39D55BE8-4304-40F8-858D-C6ACA6B7E844}.Release|Any CPU.ActiveCfg = Release|Any CPU
		{39D55BE8-4304-40F8-858D-C6ACA6B7E844}.Release|Any CPU.Build.0 = Release|Any CPU
		{17A50900-89A2-4231-BBA5-13D8CD8805D1}.Debug|Any CPU.ActiveCfg = Debug|Any CPU
		{17A50900-89A2-4231-BBA5-13D8CD8805D1}.Debug|Any CPU.Build.0 = Debug|Any CPU
		{17A50900-89A2-4231-BBA5-13D8CD8805D1}.Release|Any CPU.ActiveCfg = Release|Any CPU
		{17A50900-89A2-4231-BBA5-13D8CD8805D1}.Release|Any CPU.Build.0 = Release|Any CPU
		{16DE5DD0-1E0F-41CB-9DF3-FA36CD25B635}.Debug|Any CPU.ActiveCfg = Debug|Any CPU
		{16DE5DD0-1E0F-41CB-9DF3-FA36CD25B635}.Debug|Any CPU.Build.0 = Debug|Any CPU
		{16DE5DD0-1E0F-41CB-9DF3-FA36CD25B635}.Release|Any CPU.ActiveCfg = Release|Any CPU
		{16DE5DD0-1E0F-41CB-9DF3-FA36CD25B635}.Release|Any CPU.Build.0 = Release|Any CPU
		{E2890D45-9D65-4CB1-9FDF-F949BD446EE6}.Debug|Any CPU.ActiveCfg = Debug|Any CPU
		{E2890D45-9D65-4CB1-9FDF-F949BD446EE6}.Debug|Any CPU.Build.0 = Debug|Any CPU
		{E2890D45-9D65-4CB1-9FDF-F949BD446EE6}.Release|Any CPU.ActiveCfg = Release|Any CPU
		{E2890D45-9D65-4CB1-9FDF-F949BD446EE6}.Release|Any CPU.Build.0 = Release|Any CPU
		{1F815633-EFAB-44E6-8FED-3E092BA57F22}.Debug|Any CPU.ActiveCfg = Debug|Any CPU
		{1F815633-EFAB-44E6-8FED-3E092BA57F22}.Debug|Any CPU.Build.0 = Debug|Any CPU
		{1F815633-EFAB-44E6-8FED-3E092BA57F22}.Release|Any CPU.ActiveCfg = Release|Any CPU
		{1F815633-EFAB-44E6-8FED-3E092BA57F22}.Release|Any CPU.Build.0 = Release|Any CPU
		{1491C434-574C-4156-989C-C3CDB00A2A04}.Debug|Any CPU.ActiveCfg = Debug|Any CPU
		{1491C434-574C-4156-989C-C3CDB00A2A04}.Debug|Any CPU.Build.0 = Debug|Any CPU
		{1491C434-574C-4156-989C-C3CDB00A2A04}.Release|Any CPU.ActiveCfg = Release|Any CPU
		{1491C434-574C-4156-989C-C3CDB00A2A04}.Release|Any CPU.Build.0 = Release|Any CPU
		{D601E80B-2923-48EB-BB0D-1833D2E58BAF}.Debug|Any CPU.ActiveCfg = Debug|Any CPU
		{D601E80B-2923-48EB-BB0D-1833D2E58BAF}.Debug|Any CPU.Build.0 = Debug|Any CPU
		{D601E80B-2923-48EB-BB0D-1833D2E58BAF}.Release|Any CPU.ActiveCfg = Release|Any CPU
		{D601E80B-2923-48EB-BB0D-1833D2E58BAF}.Release|Any CPU.Build.0 = Release|Any CPU
		{C3E1C974-0B4B-4E17-BF2B-5792FC8C7D0E}.Debug|Any CPU.ActiveCfg = Debug|Any CPU
		{C3E1C974-0B4B-4E17-BF2B-5792FC8C7D0E}.Debug|Any CPU.Build.0 = Debug|Any CPU
		{C3E1C974-0B4B-4E17-BF2B-5792FC8C7D0E}.Release|Any CPU.ActiveCfg = Release|Any CPU
		{C3E1C974-0B4B-4E17-BF2B-5792FC8C7D0E}.Release|Any CPU.Build.0 = Release|Any CPU
		{AD9E7FA3-F476-4AD7-BB20-570FA66F2759}.Debug|Any CPU.ActiveCfg = Debug|Any CPU
		{AD9E7FA3-F476-4AD7-BB20-570FA66F2759}.Debug|Any CPU.Build.0 = Debug|Any CPU
		{AD9E7FA3-F476-4AD7-BB20-570FA66F2759}.Release|Any CPU.ActiveCfg = Release|Any CPU
		{AD9E7FA3-F476-4AD7-BB20-570FA66F2759}.Release|Any CPU.Build.0 = Release|Any CPU
		{4B157F2C-EA7E-46C0-A04D-0FD1CCEE84F5}.Debug|Any CPU.ActiveCfg = Debug|Any CPU
		{4B157F2C-EA7E-46C0-A04D-0FD1CCEE84F5}.Debug|Any CPU.Build.0 = Debug|Any CPU
		{4B157F2C-EA7E-46C0-A04D-0FD1CCEE84F5}.Release|Any CPU.ActiveCfg = Release|Any CPU
		{4B157F2C-EA7E-46C0-A04D-0FD1CCEE84F5}.Release|Any CPU.Build.0 = Release|Any CPU
		{ACE7554B-017D-4A20-82E4-6F14E923548C}.Debug|Any CPU.ActiveCfg = Debug|Any CPU
		{ACE7554B-017D-4A20-82E4-6F14E923548C}.Debug|Any CPU.Build.0 = Debug|Any CPU
		{ACE7554B-017D-4A20-82E4-6F14E923548C}.Release|Any CPU.ActiveCfg = Release|Any CPU
		{ACE7554B-017D-4A20-82E4-6F14E923548C}.Release|Any CPU.Build.0 = Release|Any CPU
		{45B918FA-6A93-459F-BD21-E6BC8BDA21C5}.Debug|Any CPU.ActiveCfg = Debug|Any CPU
		{45B918FA-6A93-459F-BD21-E6BC8BDA21C5}.Debug|Any CPU.Build.0 = Debug|Any CPU
		{45B918FA-6A93-459F-BD21-E6BC8BDA21C5}.Release|Any CPU.ActiveCfg = Release|Any CPU
		{45B918FA-6A93-459F-BD21-E6BC8BDA21C5}.Release|Any CPU.Build.0 = Release|Any CPU
		{082A31C0-298D-482E-88E2-E9631F614366}.Debug|Any CPU.ActiveCfg = Debug|Any CPU
		{082A31C0-298D-482E-88E2-E9631F614366}.Debug|Any CPU.Build.0 = Debug|Any CPU
		{082A31C0-298D-482E-88E2-E9631F614366}.Release|Any CPU.ActiveCfg = Release|Any CPU
		{082A31C0-298D-482E-88E2-E9631F614366}.Release|Any CPU.Build.0 = Release|Any CPU
		{41D4C378-4100-4060-90F3-ACF73C6C9C5E}.Debug|Any CPU.ActiveCfg = Debug|Any CPU
		{41D4C378-4100-4060-90F3-ACF73C6C9C5E}.Debug|Any CPU.Build.0 = Debug|Any CPU
		{41D4C378-4100-4060-90F3-ACF73C6C9C5E}.Release|Any CPU.ActiveCfg = Release|Any CPU
		{41D4C378-4100-4060-90F3-ACF73C6C9C5E}.Release|Any CPU.Build.0 = Release|Any CPU
		{BCE2E0F4-CB8A-4A4A-9AA1-6423F7FFD563}.Debug|Any CPU.ActiveCfg = Debug|Any CPU
		{BCE2E0F4-CB8A-4A4A-9AA1-6423F7FFD563}.Debug|Any CPU.Build.0 = Debug|Any CPU
		{BCE2E0F4-CB8A-4A4A-9AA1-6423F7FFD563}.Release|Any CPU.ActiveCfg = Release|Any CPU
		{BCE2E0F4-CB8A-4A4A-9AA1-6423F7FFD563}.Release|Any CPU.Build.0 = Release|Any CPU
		{E2CE9A1A-07A7-446F-95AD-35D5FC76B429}.Debug|Any CPU.ActiveCfg = Debug|Any CPU
		{E2CE9A1A-07A7-446F-95AD-35D5FC76B429}.Debug|Any CPU.Build.0 = Debug|Any CPU
		{E2CE9A1A-07A7-446F-95AD-35D5FC76B429}.Release|Any CPU.ActiveCfg = Release|Any CPU
		{E2CE9A1A-07A7-446F-95AD-35D5FC76B429}.Release|Any CPU.Build.0 = Release|Any CPU
		{3108156C-FE42-42AC-9A97-47666EB42C87}.Debug|Any CPU.ActiveCfg = Debug|Any CPU
		{3108156C-FE42-42AC-9A97-47666EB42C87}.Debug|Any CPU.Build.0 = Debug|Any CPU
		{3108156C-FE42-42AC-9A97-47666EB42C87}.Release|Any CPU.ActiveCfg = Release|Any CPU
		{3108156C-FE42-42AC-9A97-47666EB42C87}.Release|Any CPU.Build.0 = Release|Any CPU
		{EC78A776-3E1D-4F23-986A-BB6AF46A76CE}.Debug|Any CPU.ActiveCfg = Debug|Any CPU
		{EC78A776-3E1D-4F23-986A-BB6AF46A76CE}.Debug|Any CPU.Build.0 = Debug|Any CPU
		{EC78A776-3E1D-4F23-986A-BB6AF46A76CE}.Release|Any CPU.ActiveCfg = Release|Any CPU
		{EC78A776-3E1D-4F23-986A-BB6AF46A76CE}.Release|Any CPU.Build.0 = Release|Any CPU
		{D8637616-345D-4D9F-BB6E-84C120C47FBC}.Debug|Any CPU.ActiveCfg = Debug|Any CPU
		{D8637616-345D-4D9F-BB6E-84C120C47FBC}.Debug|Any CPU.Build.0 = Debug|Any CPU
		{D8637616-345D-4D9F-BB6E-84C120C47FBC}.Release|Any CPU.ActiveCfg = Release|Any CPU
		{D8637616-345D-4D9F-BB6E-84C120C47FBC}.Release|Any CPU.Build.0 = Release|Any CPU
		{B8C3C16C-FD8B-4EDD-B100-1397F65808E7}.Debug|Any CPU.ActiveCfg = Debug|Any CPU
		{B8C3C16C-FD8B-4EDD-B100-1397F65808E7}.Debug|Any CPU.Build.0 = Debug|Any CPU
		{B8C3C16C-FD8B-4EDD-B100-1397F65808E7}.Release|Any CPU.ActiveCfg = Release|Any CPU
		{B8C3C16C-FD8B-4EDD-B100-1397F65808E7}.Release|Any CPU.Build.0 = Release|Any CPU
		{18BD3452-DAD1-4854-BA30-47D58450C4A7}.Debug|Any CPU.ActiveCfg = Debug|Any CPU
		{18BD3452-DAD1-4854-BA30-47D58450C4A7}.Debug|Any CPU.Build.0 = Debug|Any CPU
		{18BD3452-DAD1-4854-BA30-47D58450C4A7}.Release|Any CPU.ActiveCfg = Release|Any CPU
		{18BD3452-DAD1-4854-BA30-47D58450C4A7}.Release|Any CPU.Build.0 = Release|Any CPU
		{94946D50-CC98-4921-83A2-0F7E30B61A6F}.Debug|Any CPU.ActiveCfg = Debug|Any CPU
		{94946D50-CC98-4921-83A2-0F7E30B61A6F}.Debug|Any CPU.Build.0 = Debug|Any CPU
		{94946D50-CC98-4921-83A2-0F7E30B61A6F}.Release|Any CPU.ActiveCfg = Release|Any CPU
		{94946D50-CC98-4921-83A2-0F7E30B61A6F}.Release|Any CPU.Build.0 = Release|Any CPU
	EndGlobalSection
	GlobalSection(SolutionProperties) = preSolution
		HideSolutionNode = FALSE
	EndGlobalSection
	GlobalSection(ExtensibilityGlobals) = postSolution
		SolutionGuid = {3250729F-7FB8-49C7-8CED-BAA41C52E966}
	EndGlobalSection
EndGlobal
