
Microsoft Visual Studio Solution File, Format Version 12.00
# Visual Studio Version 16
VisualStudioVersion = 16.0.29613.14
MinimumVisualStudioVersion = 10.0.40219.1
Project("{9A19103F-16F7-4668-BE54-9A1E7A4F7556}") = "lab_01_hello_world", "lab_01_hello_world\lab_01_hello_world.csproj", "{F3C54DD4-02A2-40E9-8178-AB9757F9CC6C}"
EndProject
Project("{FAE04EC0-301F-11D3-BF4B-00C04F79EFBC}") = "lab_02_ildasm", "lab_02_ildasm\lab_02_ildasm.csproj", "{41574CF9-DF21-48C1-8C39-7888BBE892E6}"
EndProject
Project("{9A19103F-16F7-4668-BE54-9A1E7A4F7556}") = "lab_03_use_library", "lab_03_library\lab_03_use_library.csproj", "{FA03F47B-21D0-47EF-AF63-D2B2D2752D6C}"
EndProject
Project("{9A19103F-16F7-4668-BE54-9A1E7A4F7556}") = "lab_03_library_files", "lab_03_library_files\lab_03_library_files.csproj", "{09F1D4BC-AC24-41F6-9A0E-A2AEF434EAA5}"
EndProject
Project("{9A19103F-16F7-4668-BE54-9A1E7A4F7556}") = "lab_04_debugging", "lab_04_debugging\lab_04_debugging.csproj", "{4B33A47C-6C46-4FF8-8F6F-569DEABE19E1}"
EndProject
Project("{FAE04EC0-301F-11D3-BF4B-00C04F79EFBC}") = "lab_05_log_to_event_viewer", "lab_05_log_to_event_viewer\lab_05_log_to_event_viewer.csproj", "{7C3C7FE3-2D30-4177-9A4C-4FECC65FAFF7}"
EndProject
Project("{9A19103F-16F7-4668-BE54-9A1E7A4F7556}") = "lab_06_conditional_compiling", "lab_06_conditional_compiling\lab_06_conditional_compiling.csproj", "{C066F3D6-BF0F-47F2-B1C8-A0648323FBED}"
EndProject
Project("{9A19103F-16F7-4668-BE54-9A1E7A4F7556}") = "lab_07_argument_args_array", "lab_07_argument_args_array\lab_07_argument_args_array.csproj", "{9160A848-8915-4EC8-A2F0-3BCE52607016}"
EndProject
Project("{9A19103F-16F7-4668-BE54-9A1E7A4F7556}") = "lab_08_literal_objects", "lab_08_literal_objects\lab_08_literal_objects.csproj", "{32F5F60F-85A2-4561-A19B-A17668D8BACA}"
EndProject
Project("{9A19103F-16F7-4668-BE54-9A1E7A4F7556}") = "lab_09_OOP_intro", "lab_09_OOP_intro\lab_09_OOP_intro.csproj", "{4DCF3C38-D0FB-4A1A-A7BD-2C64E19F7B29}"
EndProject
Project("{9A19103F-16F7-4668-BE54-9A1E7A4F7556}") = "lab_10_methods", "lab_10_methods\lab_10_methods.csproj", "{1C8C8748-E91A-4136-89BF-530E520EDAE2}"
EndProject
Project("{9A19103F-16F7-4668-BE54-9A1E7A4F7556}") = "lab_11_methods", "lab_11_methods\lab_11_methods.csproj", "{D6CE1B3B-5EB1-44F0-BF22-B093BC2A2E27}"
EndProject
Project("{9A19103F-16F7-4668-BE54-9A1E7A4F7556}") = "lab_12_properties", "lab_12_properties\lab_12_properties.csproj", "{049AB265-13B9-4020-A334-B0E26060D04F}"
EndProject
Project("{FAE04EC0-301F-11D3-BF4B-00C04F79EFBC}") = "lab_13_polymorphism", "lab_13_polymorphism\lab_13_polymorphism.csproj", "{D6DBD00E-0A70-45D2-84FC-A8A5247165C6}"
EndProject
Project("{FAE04EC0-301F-11D3-BF4B-00C04F79EFBC}") = "lab_14_abstract_class", "lab_14_abstract_class\lab_14_abstract_class.csproj", "{AB245495-73CC-4C11-9C4E-7950B77EAD00}"
EndProject
Project("{FAE04EC0-301F-11D3-BF4B-00C04F79EFBC}") = "lab_15_namespace", "lab_15_namespace\lab_15_namespace.csproj", "{B9112B1A-31E3-42A2-8DF6-8B88C2666FBA}"
EndProject
Project("{FAE04EC0-301F-11D3-BF4B-00C04F79EFBC}") = "lab_16_access_modifiers", "lab_16_access_modifiers\lab_16_access_modifiers.csproj", "{036588C1-4FF3-4A79-BB3D-2ACD7313AAEC}"
EndProject
Project("{9A19103F-16F7-4668-BE54-9A1E7A4F7556}") = "lab_17_value_reference_type", "lab_17_value_reference_type\lab_17_value_reference_type.csproj", "{418F0058-63A6-4508-BEED-FB56ADE5D5AE}"
EndProject
Project("{9A19103F-16F7-4668-BE54-9A1E7A4F7556}") = "lab_18_loops", "lab_18_loops\lab_18_loops.csproj", "{2B9DC0A7-2636-41F5-9524-F9BC2ED27503}"
EndProject
Project("{9A19103F-16F7-4668-BE54-9A1E7A4F7556}") = "lab_20_collections", "lab_20_collections\lab_20_collections.csproj", "{CAD68662-B667-4191-8E55-8CD86CD976B4}"
EndProject
Project("{9A19103F-16F7-4668-BE54-9A1E7A4F7556}") = "lab_19_list_queue_stack", "lab_19_list_queue_stack\lab_19_list_queue_stack.csproj", "{CAF6D3B6-6188-4086-BD33-2DCDF7F47AE5}"
EndProject
Project("{9A19103F-16F7-4668-BE54-9A1E7A4F7556}") = "lab_21_exceptions", "lab_21_exceptions\lab_21_exceptions.csproj", "{4300A6E4-748F-4F12-AE75-18EA7FA09575}"
EndProject
Project("{9A19103F-16F7-4668-BE54-9A1E7A4F7556}") = "lab_22_throw_exception", "lab_22_throw_exception\lab_22_throw_exception.csproj", "{643C6861-C936-44C7-A06E-0621B5B6E418}"
EndProject
Project("{9A19103F-16F7-4668-BE54-9A1E7A4F7556}") = "lab_23_rabbits", "lab_23_rabbits\lab_23_rabbits.csproj", "{D02C71B2-1F81-43C7-AD6F-31A2D37DD8CA}"
EndProject
Project("{FAE04EC0-301F-11D3-BF4B-00C04F79EFBC}") = "lab_24_breed_rabbits", "lab_24_breed_rabbits\lab_24_breed_rabbits.csproj", "{BC902759-D030-41A4-8DE2-E3614B227775}"
EndProject
Project("{FAE04EC0-301F-11D3-BF4B-00C04F79EFBC}") = "lab_25_variables", "lab_25_variables\lab_25_variables.csproj", "{CF1A4283-D0ED-42D8-AC73-7860D9996BA9}"
EndProject
Project("{FAE04EC0-301F-11D3-BF4B-00C04F79EFBC}") = "lab_26_rabbit_generator", "lab_26_rabbit_generator\lab_26_rabbit_generator.csproj", "{E4B1A87D-70B9-47EF-AC1E-BD7B2888E6EC}"
EndProject
Global
	GlobalSection(SolutionConfigurationPlatforms) = preSolution
		Debug|Any CPU = Debug|Any CPU
		Release|Any CPU = Release|Any CPU
	EndGlobalSection
	GlobalSection(ProjectConfigurationPlatforms) = postSolution
		{F3C54DD4-02A2-40E9-8178-AB9757F9CC6C}.Debug|Any CPU.ActiveCfg = Debug|Any CPU
		{F3C54DD4-02A2-40E9-8178-AB9757F9CC6C}.Debug|Any CPU.Build.0 = Debug|Any CPU
		{F3C54DD4-02A2-40E9-8178-AB9757F9CC6C}.Release|Any CPU.ActiveCfg = Release|Any CPU
		{F3C54DD4-02A2-40E9-8178-AB9757F9CC6C}.Release|Any CPU.Build.0 = Release|Any CPU
		{41574CF9-DF21-48C1-8C39-7888BBE892E6}.Debug|Any CPU.ActiveCfg = Debug|Any CPU
		{41574CF9-DF21-48C1-8C39-7888BBE892E6}.Debug|Any CPU.Build.0 = Debug|Any CPU
		{41574CF9-DF21-48C1-8C39-7888BBE892E6}.Release|Any CPU.ActiveCfg = Release|Any CPU
		{41574CF9-DF21-48C1-8C39-7888BBE892E6}.Release|Any CPU.Build.0 = Release|Any CPU
		{FA03F47B-21D0-47EF-AF63-D2B2D2752D6C}.Debug|Any CPU.ActiveCfg = Debug|Any CPU
		{FA03F47B-21D0-47EF-AF63-D2B2D2752D6C}.Debug|Any CPU.Build.0 = Debug|Any CPU
		{FA03F47B-21D0-47EF-AF63-D2B2D2752D6C}.Release|Any CPU.ActiveCfg = Release|Any CPU
		{FA03F47B-21D0-47EF-AF63-D2B2D2752D6C}.Release|Any CPU.Build.0 = Release|Any CPU
		{09F1D4BC-AC24-41F6-9A0E-A2AEF434EAA5}.Debug|Any CPU.ActiveCfg = Debug|Any CPU
		{09F1D4BC-AC24-41F6-9A0E-A2AEF434EAA5}.Debug|Any CPU.Build.0 = Debug|Any CPU
		{09F1D4BC-AC24-41F6-9A0E-A2AEF434EAA5}.Release|Any CPU.ActiveCfg = Release|Any CPU
		{09F1D4BC-AC24-41F6-9A0E-A2AEF434EAA5}.Release|Any CPU.Build.0 = Release|Any CPU
		{4B33A47C-6C46-4FF8-8F6F-569DEABE19E1}.Debug|Any CPU.ActiveCfg = Debug|Any CPU
		{4B33A47C-6C46-4FF8-8F6F-569DEABE19E1}.Debug|Any CPU.Build.0 = Debug|Any CPU
		{4B33A47C-6C46-4FF8-8F6F-569DEABE19E1}.Release|Any CPU.ActiveCfg = Release|Any CPU
		{4B33A47C-6C46-4FF8-8F6F-569DEABE19E1}.Release|Any CPU.Build.0 = Release|Any CPU
		{7C3C7FE3-2D30-4177-9A4C-4FECC65FAFF7}.Debug|Any CPU.ActiveCfg = Debug|Any CPU
		{7C3C7FE3-2D30-4177-9A4C-4FECC65FAFF7}.Debug|Any CPU.Build.0 = Debug|Any CPU
		{7C3C7FE3-2D30-4177-9A4C-4FECC65FAFF7}.Release|Any CPU.ActiveCfg = Release|Any CPU
		{7C3C7FE3-2D30-4177-9A4C-4FECC65FAFF7}.Release|Any CPU.Build.0 = Release|Any CPU
		{C066F3D6-BF0F-47F2-B1C8-A0648323FBED}.Debug|Any CPU.ActiveCfg = Debug|Any CPU
		{C066F3D6-BF0F-47F2-B1C8-A0648323FBED}.Debug|Any CPU.Build.0 = Debug|Any CPU
		{C066F3D6-BF0F-47F2-B1C8-A0648323FBED}.Release|Any CPU.ActiveCfg = Release|Any CPU
		{C066F3D6-BF0F-47F2-B1C8-A0648323FBED}.Release|Any CPU.Build.0 = Release|Any CPU
		{9160A848-8915-4EC8-A2F0-3BCE52607016}.Debug|Any CPU.ActiveCfg = Debug|Any CPU
		{9160A848-8915-4EC8-A2F0-3BCE52607016}.Debug|Any CPU.Build.0 = Debug|Any CPU
		{9160A848-8915-4EC8-A2F0-3BCE52607016}.Release|Any CPU.ActiveCfg = Release|Any CPU
		{9160A848-8915-4EC8-A2F0-3BCE52607016}.Release|Any CPU.Build.0 = Release|Any CPU
		{32F5F60F-85A2-4561-A19B-A17668D8BACA}.Debug|Any CPU.ActiveCfg = Debug|Any CPU
		{32F5F60F-85A2-4561-A19B-A17668D8BACA}.Debug|Any CPU.Build.0 = Debug|Any CPU
		{32F5F60F-85A2-4561-A19B-A17668D8BACA}.Release|Any CPU.ActiveCfg = Release|Any CPU
		{32F5F60F-85A2-4561-A19B-A17668D8BACA}.Release|Any CPU.Build.0 = Release|Any CPU
		{4DCF3C38-D0FB-4A1A-A7BD-2C64E19F7B29}.Debug|Any CPU.ActiveCfg = Debug|Any CPU
		{4DCF3C38-D0FB-4A1A-A7BD-2C64E19F7B29}.Debug|Any CPU.Build.0 = Debug|Any CPU
		{4DCF3C38-D0FB-4A1A-A7BD-2C64E19F7B29}.Release|Any CPU.ActiveCfg = Release|Any CPU
		{4DCF3C38-D0FB-4A1A-A7BD-2C64E19F7B29}.Release|Any CPU.Build.0 = Release|Any CPU
		{1C8C8748-E91A-4136-89BF-530E520EDAE2}.Debug|Any CPU.ActiveCfg = Debug|Any CPU
		{1C8C8748-E91A-4136-89BF-530E520EDAE2}.Debug|Any CPU.Build.0 = Debug|Any CPU
		{1C8C8748-E91A-4136-89BF-530E520EDAE2}.Release|Any CPU.ActiveCfg = Release|Any CPU
		{1C8C8748-E91A-4136-89BF-530E520EDAE2}.Release|Any CPU.Build.0 = Release|Any CPU
		{D6CE1B3B-5EB1-44F0-BF22-B093BC2A2E27}.Debug|Any CPU.ActiveCfg = Debug|Any CPU
		{D6CE1B3B-5EB1-44F0-BF22-B093BC2A2E27}.Debug|Any CPU.Build.0 = Debug|Any CPU
		{D6CE1B3B-5EB1-44F0-BF22-B093BC2A2E27}.Release|Any CPU.ActiveCfg = Release|Any CPU
		{D6CE1B3B-5EB1-44F0-BF22-B093BC2A2E27}.Release|Any CPU.Build.0 = Release|Any CPU
		{049AB265-13B9-4020-A334-B0E26060D04F}.Debug|Any CPU.ActiveCfg = Debug|Any CPU
		{049AB265-13B9-4020-A334-B0E26060D04F}.Debug|Any CPU.Build.0 = Debug|Any CPU
		{049AB265-13B9-4020-A334-B0E26060D04F}.Release|Any CPU.ActiveCfg = Release|Any CPU
		{049AB265-13B9-4020-A334-B0E26060D04F}.Release|Any CPU.Build.0 = Release|Any CPU
		{D6DBD00E-0A70-45D2-84FC-A8A5247165C6}.Debug|Any CPU.ActiveCfg = Debug|Any CPU
		{D6DBD00E-0A70-45D2-84FC-A8A5247165C6}.Debug|Any CPU.Build.0 = Debug|Any CPU
		{D6DBD00E-0A70-45D2-84FC-A8A5247165C6}.Release|Any CPU.ActiveCfg = Release|Any CPU
		{D6DBD00E-0A70-45D2-84FC-A8A5247165C6}.Release|Any CPU.Build.0 = Release|Any CPU
		{AB245495-73CC-4C11-9C4E-7950B77EAD00}.Debug|Any CPU.ActiveCfg = Debug|Any CPU
		{AB245495-73CC-4C11-9C4E-7950B77EAD00}.Debug|Any CPU.Build.0 = Debug|Any CPU
		{AB245495-73CC-4C11-9C4E-7950B77EAD00}.Release|Any CPU.ActiveCfg = Release|Any CPU
		{AB245495-73CC-4C11-9C4E-7950B77EAD00}.Release|Any CPU.Build.0 = Release|Any CPU
		{B9112B1A-31E3-42A2-8DF6-8B88C2666FBA}.Debug|Any CPU.ActiveCfg = Debug|Any CPU
		{B9112B1A-31E3-42A2-8DF6-8B88C2666FBA}.Debug|Any CPU.Build.0 = Debug|Any CPU
		{B9112B1A-31E3-42A2-8DF6-8B88C2666FBA}.Release|Any CPU.ActiveCfg = Release|Any CPU
		{B9112B1A-31E3-42A2-8DF6-8B88C2666FBA}.Release|Any CPU.Build.0 = Release|Any CPU
		{036588C1-4FF3-4A79-BB3D-2ACD7313AAEC}.Debug|Any CPU.ActiveCfg = Debug|Any CPU
		{036588C1-4FF3-4A79-BB3D-2ACD7313AAEC}.Debug|Any CPU.Build.0 = Debug|Any CPU
		{036588C1-4FF3-4A79-BB3D-2ACD7313AAEC}.Release|Any CPU.ActiveCfg = Release|Any CPU
		{036588C1-4FF3-4A79-BB3D-2ACD7313AAEC}.Release|Any CPU.Build.0 = Release|Any CPU
		{418F0058-63A6-4508-BEED-FB56ADE5D5AE}.Debug|Any CPU.ActiveCfg = Debug|Any CPU
		{418F0058-63A6-4508-BEED-FB56ADE5D5AE}.Debug|Any CPU.Build.0 = Debug|Any CPU
		{418F0058-63A6-4508-BEED-FB56ADE5D5AE}.Release|Any CPU.ActiveCfg = Release|Any CPU
		{418F0058-63A6-4508-BEED-FB56ADE5D5AE}.Release|Any CPU.Build.0 = Release|Any CPU
		{2B9DC0A7-2636-41F5-9524-F9BC2ED27503}.Debug|Any CPU.ActiveCfg = Debug|Any CPU
		{2B9DC0A7-2636-41F5-9524-F9BC2ED27503}.Debug|Any CPU.Build.0 = Debug|Any CPU
		{2B9DC0A7-2636-41F5-9524-F9BC2ED27503}.Release|Any CPU.ActiveCfg = Release|Any CPU
		{2B9DC0A7-2636-41F5-9524-F9BC2ED27503}.Release|Any CPU.Build.0 = Release|Any CPU
		{CAD68662-B667-4191-8E55-8CD86CD976B4}.Debug|Any CPU.ActiveCfg = Debug|Any CPU
		{CAD68662-B667-4191-8E55-8CD86CD976B4}.Debug|Any CPU.Build.0 = Debug|Any CPU
		{CAD68662-B667-4191-8E55-8CD86CD976B4}.Release|Any CPU.ActiveCfg = Release|Any CPU
		{CAD68662-B667-4191-8E55-8CD86CD976B4}.Release|Any CPU.Build.0 = Release|Any CPU
		{CAF6D3B6-6188-4086-BD33-2DCDF7F47AE5}.Debug|Any CPU.ActiveCfg = Debug|Any CPU
		{CAF6D3B6-6188-4086-BD33-2DCDF7F47AE5}.Debug|Any CPU.Build.0 = Debug|Any CPU
		{CAF6D3B6-6188-4086-BD33-2DCDF7F47AE5}.Release|Any CPU.ActiveCfg = Release|Any CPU
		{CAF6D3B6-6188-4086-BD33-2DCDF7F47AE5}.Release|Any CPU.Build.0 = Release|Any CPU
		{4300A6E4-748F-4F12-AE75-18EA7FA09575}.Debug|Any CPU.ActiveCfg = Debug|Any CPU
		{4300A6E4-748F-4F12-AE75-18EA7FA09575}.Debug|Any CPU.Build.0 = Debug|Any CPU
		{4300A6E4-748F-4F12-AE75-18EA7FA09575}.Release|Any CPU.ActiveCfg = Release|Any CPU
		{4300A6E4-748F-4F12-AE75-18EA7FA09575}.Release|Any CPU.Build.0 = Release|Any CPU
		{643C6861-C936-44C7-A06E-0621B5B6E418}.Debug|Any CPU.ActiveCfg = Debug|Any CPU
		{643C6861-C936-44C7-A06E-0621B5B6E418}.Debug|Any CPU.Build.0 = Debug|Any CPU
		{643C6861-C936-44C7-A06E-0621B5B6E418}.Release|Any CPU.ActiveCfg = Release|Any CPU
		{643C6861-C936-44C7-A06E-0621B5B6E418}.Release|Any CPU.Build.0 = Release|Any CPU
		{D02C71B2-1F81-43C7-AD6F-31A2D37DD8CA}.Debug|Any CPU.ActiveCfg = Debug|Any CPU
		{D02C71B2-1F81-43C7-AD6F-31A2D37DD8CA}.Debug|Any CPU.Build.0 = Debug|Any CPU
		{D02C71B2-1F81-43C7-AD6F-31A2D37DD8CA}.Release|Any CPU.ActiveCfg = Release|Any CPU
		{D02C71B2-1F81-43C7-AD6F-31A2D37DD8CA}.Release|Any CPU.Build.0 = Release|Any CPU
		{BC902759-D030-41A4-8DE2-E3614B227775}.Debug|Any CPU.ActiveCfg = Debug|Any CPU
		{BC902759-D030-41A4-8DE2-E3614B227775}.Debug|Any CPU.Build.0 = Debug|Any CPU
		{BC902759-D030-41A4-8DE2-E3614B227775}.Release|Any CPU.ActiveCfg = Release|Any CPU
		{BC902759-D030-41A4-8DE2-E3614B227775}.Release|Any CPU.Build.0 = Release|Any CPU
		{CF1A4283-D0ED-42D8-AC73-7860D9996BA9}.Debug|Any CPU.ActiveCfg = Debug|Any CPU
		{CF1A4283-D0ED-42D8-AC73-7860D9996BA9}.Debug|Any CPU.Build.0 = Debug|Any CPU
		{CF1A4283-D0ED-42D8-AC73-7860D9996BA9}.Release|Any CPU.ActiveCfg = Release|Any CPU
		{CF1A4283-D0ED-42D8-AC73-7860D9996BA9}.Release|Any CPU.Build.0 = Release|Any CPU
		{E4B1A87D-70B9-47EF-AC1E-BD7B2888E6EC}.Debug|Any CPU.ActiveCfg = Debug|Any CPU
		{E4B1A87D-70B9-47EF-AC1E-BD7B2888E6EC}.Debug|Any CPU.Build.0 = Debug|Any CPU
		{E4B1A87D-70B9-47EF-AC1E-BD7B2888E6EC}.Release|Any CPU.ActiveCfg = Release|Any CPU
		{E4B1A87D-70B9-47EF-AC1E-BD7B2888E6EC}.Release|Any CPU.Build.0 = Release|Any CPU
	EndGlobalSection
	GlobalSection(SolutionProperties) = preSolution
		HideSolutionNode = FALSE
	EndGlobalSection
	GlobalSection(ExtensibilityGlobals) = postSolution
		SolutionGuid = {3250729F-7FB8-49C7-8CED-BAA41C52E966}
	EndGlobalSection
EndGlobal
